// !$*UTF8*$!
{
	archiveVersion = 1;
	classes = {
	};
	objectVersion = 46;
	objects = {

/* Begin PBXBuildFile section */
		1C005FD11E871917003539F1 /* InstrumentDataPoint.swift in Sources */ = {isa = PBXBuildFile; fileRef = 1C005FD01E871917003539F1 /* InstrumentDataPoint.swift */; };
		1C0BFEE41E7A759900408A28 /* InstrumentConnectionViewController.swift in Sources */ = {isa = PBXBuildFile; fileRef = 1C0BFEE31E7A759900408A28 /* InstrumentConnectionViewController.swift */; };
		1C0BFEE71E7A77A400408A28 /* ProjectsPopoverViewController.swift in Sources */ = {isa = PBXBuildFile; fileRef = 1C0BFEE61E7A77A400408A28 /* ProjectsPopoverViewController.swift */; };
		1C0BFEE91E7A77BA00408A28 /* AddPopoverViewController.swift in Sources */ = {isa = PBXBuildFile; fileRef = 1C0BFEE81E7A77BA00408A28 /* AddPopoverViewController.swift */; };
		1C1944661E7B02DC002FB321 /* ExportPopoverViewController.swift in Sources */ = {isa = PBXBuildFile; fileRef = 1C1944651E7B02DC002FB321 /* ExportPopoverViewController.swift */; };
		1C1944691E7B42EA002FB321 /* CBInstrumentCentralManager.swift in Sources */ = {isa = PBXBuildFile; fileRef = 1C1944681E7B42EA002FB321 /* CBInstrumentCentralManager.swift */; };
		1C19446B1E7B7D9D002FB321 /* InstrumentStatusView.swift in Sources */ = {isa = PBXBuildFile; fileRef = 1C19446A1E7B7D9C002FB321 /* InstrumentStatusView.swift */; };
		1C3175C31E96F61F008E4DFB /* InstrumentTimeConverter.swift in Sources */ = {isa = PBXBuildFile; fileRef = 1C3175C21E96F61F008E4DFB /* InstrumentTimeConverter.swift */; };
		1C3175C51E9BF67D008E4DFB /* TestData.swift in Sources */ = {isa = PBXBuildFile; fileRef = 1C3175C41E9BF67D008E4DFB /* TestData.swift */; };
		1C3896AC1E8EF9BF004E9CD6 /* Plot.swift in Sources */ = {isa = PBXBuildFile; fileRef = 1C3896AB1E8EF9BF004E9CD6 /* Plot.swift */; };
		1C569FF41E79AA5E00A9FAD4 /* DataViewController.swift in Sources */ = {isa = PBXBuildFile; fileRef = 1C569FF31E79AA5E00A9FAD4 /* DataViewController.swift */; };
		1C569FF71E7A138C00A9FAD4 /* PlotViewController.swift in Sources */ = {isa = PBXBuildFile; fileRef = 1C569FF61E7A138C00A9FAD4 /* PlotViewController.swift */; };
		1C67FFB71E9C213E00B6194E /* Wavelength.swift in Sources */ = {isa = PBXBuildFile; fileRef = 1C67FFB61E9C213E00B6194E /* Wavelength.swift */; };
		1C67FFB91E9C215300B6194E /* ReadingType.swift in Sources */ = {isa = PBXBuildFile; fileRef = 1C67FFB81E9C215300B6194E /* ReadingType.swift */; };
		1C67FFBB1E9C215E00B6194E /* ExperimentType.swift in Sources */ = {isa = PBXBuildFile; fileRef = 1C67FFBA1E9C215E00B6194E /* ExperimentType.swift */; };
		1C7E71401E78CA390073799D /* AppDelegate.swift in Sources */ = {isa = PBXBuildFile; fileRef = 1C7E713F1E78CA390073799D /* AppDelegate.swift */; };
		1C7E71421E78CA390073799D /* MasterViewController.swift in Sources */ = {isa = PBXBuildFile; fileRef = 1C7E71411E78CA390073799D /* MasterViewController.swift */; };
		1C7E71451E78CA390073799D /* Main.storyboard in Resources */ = {isa = PBXBuildFile; fileRef = 1C7E71431E78CA390073799D /* Main.storyboard */; };
		1C7E71481E78CA390073799D /* SpectroApp_V1.xcdatamodeld in Sources */ = {isa = PBXBuildFile; fileRef = 1C7E71461E78CA390073799D /* SpectroApp_V1.xcdatamodeld */; };
		1C7E714A1E78CA390073799D /* Assets.xcassets in Resources */ = {isa = PBXBuildFile; fileRef = 1C7E71491E78CA390073799D /* Assets.xcassets */; };
		1C7E714D1E78CA390073799D /* LaunchScreen.storyboard in Resources */ = {isa = PBXBuildFile; fileRef = 1C7E714B1E78CA390073799D /* LaunchScreen.storyboard */; };
		1C7E71581E78CA390073799D /* SpectroApp_V1Tests.swift in Sources */ = {isa = PBXBuildFile; fileRef = 1C7E71571E78CA390073799D /* SpectroApp_V1Tests.swift */; };
		1C7E71631E78CA390073799D /* SpectroApp_V1UITests.swift in Sources */ = {isa = PBXBuildFile; fileRef = 1C7E71621E78CA390073799D /* SpectroApp_V1UITests.swift */; };
		1C7E71711E78D6C80073799D /* ProjectPopoverTableViewCell.swift in Sources */ = {isa = PBXBuildFile; fileRef = 1C7E71701E78D6C80073799D /* ProjectPopoverTableViewCell.swift */; };
		1C7E71731E78D6F50073799D /* ProjectViewController.swift in Sources */ = {isa = PBXBuildFile; fileRef = 1C7E71721E78D6F50073799D /* ProjectViewController.swift */; };
		1C7E71751E78E58E0073799D /* NucDataTableViewCell.swift in Sources */ = {isa = PBXBuildFile; fileRef = 1C7E71741E78E58E0073799D /* NucDataTableViewCell.swift */; };
		1C7E71771E78E5AC0073799D /* ProteinDataTableViewCell.swift in Sources */ = {isa = PBXBuildFile; fileRef = 1C7E71761E78E5AC0073799D /* ProteinDataTableViewCell.swift */; };
		1C7E71791E78E5C30073799D /* DensityDataTableViewCell.swift in Sources */ = {isa = PBXBuildFile; fileRef = 1C7E71781E78E5C30073799D /* DensityDataTableViewCell.swift */; };
		1C7E717B1E78E63D0073799D /* DataTableViewCell.swift in Sources */ = {isa = PBXBuildFile; fileRef = 1C7E717A1E78E63D0073799D /* DataTableViewCell.swift */; };
		1C7E71851E78F7600073799D /* Project.swift in Sources */ = {isa = PBXBuildFile; fileRef = 1C7E71841E78F7600073799D /* Project.swift */; };
		1C7E71871E79035E0073799D /* Reading.swift in Sources */ = {isa = PBXBuildFile; fileRef = 1C7E71861E79035E0073799D /* Reading.swift */; };
		1C7E71891E7903790073799D /* DataPoint.swift in Sources */ = {isa = PBXBuildFile; fileRef = 1C7E71881E7903790073799D /* DataPoint.swift */; };
		1C7E718B1E7904120073799D /* AbsorbanceFunctions.swift in Sources */ = {isa = PBXBuildFile; fileRef = 1C7E718A1E7904120073799D /* AbsorbanceFunctions.swift */; };
		1CBE942E1E7BDB3E00F3C8F3 /* PopoverViewController.swift in Sources */ = {isa = PBXBuildFile; fileRef = 1CBE942D1E7BDB3E00F3C8F3 /* PopoverViewController.swift */; };
		1CBE94311E7CF74B00F3C8F3 /* SwiftyJSON.swift in Sources */ = {isa = PBXBuildFile; fileRef = 1CBE94301E7CF74B00F3C8F3 /* SwiftyJSON.swift */; };
		1CBE94EB1E80D6CF00F3C8F3 /* ExperimentHeaderView.swift in Sources */ = {isa = PBXBuildFile; fileRef = 1CBE94EA1E80D6CF00F3C8F3 /* ExperimentHeaderView.swift */; };
		1CBE94ED1E8126F200F3C8F3 /* MasterNavigationBar.swift in Sources */ = {isa = PBXBuildFile; fileRef = 1CBE94EC1E8126F200F3C8F3 /* MasterNavigationBar.swift */; };
		1CC097B91E857BBE00655A90 /* CBDataParser.swift in Sources */ = {isa = PBXBuildFile; fileRef = 1CC097B81E857BBD00655A90 /* CBDataParser.swift */; };
		D58B47581E9D78E1007145FB /* DataMasterViewController.swift in Sources */ = {isa = PBXBuildFile; fileRef = D58B47571E9D78E1007145FB /* DataMasterViewController.swift */; };
		D58B475A1E9D7915007145FB /* DataDetailViewController.swift in Sources */ = {isa = PBXBuildFile; fileRef = D58B47591E9D7915007145FB /* DataDetailViewController.swift */; };
		D58B475C1E9D8002007145FB /* DataDetailTableViewCell.swift in Sources */ = {isa = PBXBuildFile; fileRef = D58B475B1E9D8002007145FB /* DataDetailTableViewCell.swift */; };
		D58B47601E9D9B2A007145FB /* DataHeaderTableViewCell.swift in Sources */ = {isa = PBXBuildFile; fileRef = D58B475F1E9D9B2A007145FB /* DataHeaderTableViewCell.swift */; };
/* End PBXBuildFile section */

/* Begin PBXContainerItemProxy section */
		1C7E71541E78CA390073799D /* PBXContainerItemProxy */ = {
			isa = PBXContainerItemProxy;
			containerPortal = 1C7E71341E78CA390073799D /* Project object */;
			proxyType = 1;
			remoteGlobalIDString = 1C7E713B1E78CA390073799D;
			remoteInfo = SpectroApp_V1;
		};
		1C7E715F1E78CA390073799D /* PBXContainerItemProxy */ = {
			isa = PBXContainerItemProxy;
			containerPortal = 1C7E71341E78CA390073799D /* Project object */;
			proxyType = 1;
			remoteGlobalIDString = 1C7E713B1E78CA390073799D;
			remoteInfo = SpectroApp_V1;
		};
/* End PBXContainerItemProxy section */

/* Begin PBXFileReference section */
		1C005FD01E871917003539F1 /* InstrumentDataPoint.swift */ = {isa = PBXFileReference; fileEncoding = 4; lastKnownFileType = sourcecode.swift; path = InstrumentDataPoint.swift; sourceTree = "<group>"; };
		1C0BFEE31E7A759900408A28 /* InstrumentConnectionViewController.swift */ = {isa = PBXFileReference; fileEncoding = 4; lastKnownFileType = sourcecode.swift; path = InstrumentConnectionViewController.swift; sourceTree = "<group>"; };
		1C0BFEE61E7A77A400408A28 /* ProjectsPopoverViewController.swift */ = {isa = PBXFileReference; fileEncoding = 4; lastKnownFileType = sourcecode.swift; path = ProjectsPopoverViewController.swift; sourceTree = "<group>"; };
		1C0BFEE81E7A77BA00408A28 /* AddPopoverViewController.swift */ = {isa = PBXFileReference; fileEncoding = 4; lastKnownFileType = sourcecode.swift; path = AddPopoverViewController.swift; sourceTree = "<group>"; };
		1C1944651E7B02DC002FB321 /* ExportPopoverViewController.swift */ = {isa = PBXFileReference; fileEncoding = 4; lastKnownFileType = sourcecode.swift; path = ExportPopoverViewController.swift; sourceTree = "<group>"; };
		1C1944681E7B42EA002FB321 /* CBInstrumentCentralManager.swift */ = {isa = PBXFileReference; fileEncoding = 4; lastKnownFileType = sourcecode.swift; path = CBInstrumentCentralManager.swift; sourceTree = "<group>"; };
		1C19446A1E7B7D9C002FB321 /* InstrumentStatusView.swift */ = {isa = PBXFileReference; fileEncoding = 4; lastKnownFileType = sourcecode.swift; path = InstrumentStatusView.swift; sourceTree = "<group>"; };
		1C3175C21E96F61F008E4DFB /* InstrumentTimeConverter.swift */ = {isa = PBXFileReference; fileEncoding = 4; lastKnownFileType = sourcecode.swift; path = InstrumentTimeConverter.swift; sourceTree = "<group>"; };
		1C3175C41E9BF67D008E4DFB /* TestData.swift */ = {isa = PBXFileReference; fileEncoding = 4; lastKnownFileType = sourcecode.swift; path = TestData.swift; sourceTree = "<group>"; };
		1C3896AB1E8EF9BF004E9CD6 /* Plot.swift */ = {isa = PBXFileReference; fileEncoding = 4; lastKnownFileType = sourcecode.swift; path = Plot.swift; sourceTree = "<group>"; };
		1C569FF31E79AA5E00A9FAD4 /* DataViewController.swift */ = {isa = PBXFileReference; fileEncoding = 4; lastKnownFileType = sourcecode.swift; path = DataViewController.swift; sourceTree = "<group>"; };
		1C569FF61E7A138C00A9FAD4 /* PlotViewController.swift */ = {isa = PBXFileReference; fileEncoding = 4; lastKnownFileType = sourcecode.swift; path = PlotViewController.swift; sourceTree = "<group>"; };
		1C67FFB61E9C213E00B6194E /* Wavelength.swift */ = {isa = PBXFileReference; fileEncoding = 4; lastKnownFileType = sourcecode.swift; path = Wavelength.swift; sourceTree = "<group>"; };
		1C67FFB81E9C215300B6194E /* ReadingType.swift */ = {isa = PBXFileReference; fileEncoding = 4; lastKnownFileType = sourcecode.swift; path = ReadingType.swift; sourceTree = "<group>"; };
		1C67FFBA1E9C215E00B6194E /* ExperimentType.swift */ = {isa = PBXFileReference; fileEncoding = 4; lastKnownFileType = sourcecode.swift; path = ExperimentType.swift; sourceTree = "<group>"; };
		1C7E713C1E78CA390073799D /* SpectroApp_V1.app */ = {isa = PBXFileReference; explicitFileType = wrapper.application; includeInIndex = 0; path = SpectroApp_V1.app; sourceTree = BUILT_PRODUCTS_DIR; };
		1C7E713F1E78CA390073799D /* AppDelegate.swift */ = {isa = PBXFileReference; lastKnownFileType = sourcecode.swift; path = AppDelegate.swift; sourceTree = "<group>"; };
		1C7E71411E78CA390073799D /* MasterViewController.swift */ = {isa = PBXFileReference; lastKnownFileType = sourcecode.swift; path = MasterViewController.swift; sourceTree = "<group>"; };
		1C7E71441E78CA390073799D /* Base */ = {isa = PBXFileReference; lastKnownFileType = file.storyboard; name = Base; path = Base.lproj/Main.storyboard; sourceTree = "<group>"; };
		1C7E71471E78CA390073799D /* SpectroApp_V1.xcdatamodel */ = {isa = PBXFileReference; lastKnownFileType = wrapper.xcdatamodel; path = SpectroApp_V1.xcdatamodel; sourceTree = "<group>"; };
		1C7E71491E78CA390073799D /* Assets.xcassets */ = {isa = PBXFileReference; lastKnownFileType = folder.assetcatalog; path = Assets.xcassets; sourceTree = "<group>"; };
		1C7E714C1E78CA390073799D /* Base */ = {isa = PBXFileReference; lastKnownFileType = file.storyboard; name = Base; path = Base.lproj/LaunchScreen.storyboard; sourceTree = "<group>"; };
		1C7E714E1E78CA390073799D /* Info.plist */ = {isa = PBXFileReference; lastKnownFileType = text.plist.xml; path = Info.plist; sourceTree = "<group>"; };
		1C7E71531E78CA390073799D /* SpectroApp_V1Tests.xctest */ = {isa = PBXFileReference; explicitFileType = wrapper.cfbundle; includeInIndex = 0; path = SpectroApp_V1Tests.xctest; sourceTree = BUILT_PRODUCTS_DIR; };
		1C7E71571E78CA390073799D /* SpectroApp_V1Tests.swift */ = {isa = PBXFileReference; lastKnownFileType = sourcecode.swift; path = SpectroApp_V1Tests.swift; sourceTree = "<group>"; };
		1C7E71591E78CA390073799D /* Info.plist */ = {isa = PBXFileReference; lastKnownFileType = text.plist.xml; path = Info.plist; sourceTree = "<group>"; };
		1C7E715E1E78CA390073799D /* SpectroApp_V1UITests.xctest */ = {isa = PBXFileReference; explicitFileType = wrapper.cfbundle; includeInIndex = 0; path = SpectroApp_V1UITests.xctest; sourceTree = BUILT_PRODUCTS_DIR; };
		1C7E71621E78CA390073799D /* SpectroApp_V1UITests.swift */ = {isa = PBXFileReference; lastKnownFileType = sourcecode.swift; path = SpectroApp_V1UITests.swift; sourceTree = "<group>"; };
		1C7E71641E78CA390073799D /* Info.plist */ = {isa = PBXFileReference; lastKnownFileType = text.plist.xml; path = Info.plist; sourceTree = "<group>"; };
		1C7E71701E78D6C80073799D /* ProjectPopoverTableViewCell.swift */ = {isa = PBXFileReference; fileEncoding = 4; lastKnownFileType = sourcecode.swift; path = ProjectPopoverTableViewCell.swift; sourceTree = "<group>"; };
		1C7E71721E78D6F50073799D /* ProjectViewController.swift */ = {isa = PBXFileReference; fileEncoding = 4; lastKnownFileType = sourcecode.swift; path = ProjectViewController.swift; sourceTree = "<group>"; };
		1C7E71741E78E58E0073799D /* NucDataTableViewCell.swift */ = {isa = PBXFileReference; fileEncoding = 4; lastKnownFileType = sourcecode.swift; path = NucDataTableViewCell.swift; sourceTree = "<group>"; };
		1C7E71761E78E5AC0073799D /* ProteinDataTableViewCell.swift */ = {isa = PBXFileReference; fileEncoding = 4; lastKnownFileType = sourcecode.swift; path = ProteinDataTableViewCell.swift; sourceTree = "<group>"; };
		1C7E71781E78E5C30073799D /* DensityDataTableViewCell.swift */ = {isa = PBXFileReference; fileEncoding = 4; lastKnownFileType = sourcecode.swift; path = DensityDataTableViewCell.swift; sourceTree = "<group>"; };
		1C7E717A1E78E63D0073799D /* DataTableViewCell.swift */ = {isa = PBXFileReference; fileEncoding = 4; lastKnownFileType = sourcecode.swift; path = DataTableViewCell.swift; sourceTree = "<group>"; };
		1C7E71841E78F7600073799D /* Project.swift */ = {isa = PBXFileReference; fileEncoding = 4; lastKnownFileType = sourcecode.swift; path = Project.swift; sourceTree = "<group>"; };
		1C7E71861E79035E0073799D /* Reading.swift */ = {isa = PBXFileReference; fileEncoding = 4; lastKnownFileType = sourcecode.swift; path = Reading.swift; sourceTree = "<group>"; };
		1C7E71881E7903790073799D /* DataPoint.swift */ = {isa = PBXFileReference; fileEncoding = 4; lastKnownFileType = sourcecode.swift; path = DataPoint.swift; sourceTree = "<group>"; };
		1C7E718A1E7904120073799D /* AbsorbanceFunctions.swift */ = {isa = PBXFileReference; fileEncoding = 4; lastKnownFileType = sourcecode.swift; path = AbsorbanceFunctions.swift; sourceTree = "<group>"; };
		1CBE942D1E7BDB3E00F3C8F3 /* PopoverViewController.swift */ = {isa = PBXFileReference; fileEncoding = 4; lastKnownFileType = sourcecode.swift; path = PopoverViewController.swift; sourceTree = "<group>"; };
		1CBE94301E7CF74B00F3C8F3 /* SwiftyJSON.swift */ = {isa = PBXFileReference; fileEncoding = 4; lastKnownFileType = sourcecode.swift; path = SwiftyJSON.swift; sourceTree = "<group>"; };
		1CBE94EA1E80D6CF00F3C8F3 /* ExperimentHeaderView.swift */ = {isa = PBXFileReference; fileEncoding = 4; lastKnownFileType = sourcecode.swift; path = ExperimentHeaderView.swift; sourceTree = "<group>"; };
		1CBE94EC1E8126F200F3C8F3 /* MasterNavigationBar.swift */ = {isa = PBXFileReference; fileEncoding = 4; lastKnownFileType = sourcecode.swift; path = MasterNavigationBar.swift; sourceTree = "<group>"; };
		1CC097B81E857BBD00655A90 /* CBDataParser.swift */ = {isa = PBXFileReference; fileEncoding = 4; lastKnownFileType = sourcecode.swift; path = CBDataParser.swift; sourceTree = "<group>"; };
		D58B47571E9D78E1007145FB /* DataMasterViewController.swift */ = {isa = PBXFileReference; fileEncoding = 4; lastKnownFileType = sourcecode.swift; path = DataMasterViewController.swift; sourceTree = "<group>"; };
		D58B47591E9D7915007145FB /* DataDetailViewController.swift */ = {isa = PBXFileReference; fileEncoding = 4; lastKnownFileType = sourcecode.swift; path = DataDetailViewController.swift; sourceTree = "<group>"; };
		D58B475B1E9D8002007145FB /* DataDetailTableViewCell.swift */ = {isa = PBXFileReference; fileEncoding = 4; lastKnownFileType = sourcecode.swift; path = DataDetailTableViewCell.swift; sourceTree = "<group>"; };
		D58B475F1E9D9B2A007145FB /* DataHeaderTableViewCell.swift */ = {isa = PBXFileReference; fileEncoding = 4; lastKnownFileType = sourcecode.swift; name = DataHeaderTableViewCell.swift; path = ../DataHeaderTableViewCell.swift; sourceTree = "<group>"; };
/* End PBXFileReference section */

/* Begin PBXFrameworksBuildPhase section */
		1C7E71391E78CA390073799D /* Frameworks */ = {
			isa = PBXFrameworksBuildPhase;
			buildActionMask = 2147483647;
			files = (
			);
			runOnlyForDeploymentPostprocessing = 0;
		};
		1C7E71501E78CA390073799D /* Frameworks */ = {
			isa = PBXFrameworksBuildPhase;
			buildActionMask = 2147483647;
			files = (
			);
			runOnlyForDeploymentPostprocessing = 0;
		};
		1C7E715B1E78CA390073799D /* Frameworks */ = {
			isa = PBXFrameworksBuildPhase;
			buildActionMask = 2147483647;
			files = (
			);
			runOnlyForDeploymentPostprocessing = 0;
		};
/* End PBXFrameworksBuildPhase section */

/* Begin PBXGroup section */
		1C0BFEE51E7A75A200408A28 /* Popover Controllers */ = {
			isa = PBXGroup;
			children = (
				1C1944651E7B02DC002FB321 /* ExportPopoverViewController.swift */,
				1CBE942D1E7BDB3E00F3C8F3 /* PopoverViewController.swift */,
				1C0BFEE61E7A77A400408A28 /* ProjectsPopoverViewController.swift */,
				1C0BFEE81E7A77BA00408A28 /* AddPopoverViewController.swift */,
				1C0BFEE31E7A759900408A28 /* InstrumentConnectionViewController.swift */,
			);
			name = "Popover Controllers";
			sourceTree = "<group>";
		};
		1C1944671E7B42D0002FB321 /* Bluetooth */ = {
			isa = PBXGroup;
			children = (
				1C1944681E7B42EA002FB321 /* CBInstrumentCentralManager.swift */,
				1CC097B81E857BBD00655A90 /* CBDataParser.swift */,
			);
			name = Bluetooth;
			sourceTree = "<group>";
		};
		1C569FF51E79AA7600A9FAD4 /* ViewControllers */ = {
			isa = PBXGroup;
			children = (
				1C7E71411E78CA390073799D /* MasterViewController.swift */,
				1CBE94EC1E8126F200F3C8F3 /* MasterNavigationBar.swift */,
				1C569FF31E79AA5E00A9FAD4 /* DataViewController.swift */,
				D58B47571E9D78E1007145FB /* DataMasterViewController.swift */,
				D58B47591E9D7915007145FB /* DataDetailViewController.swift */,
				1C7E71721E78D6F50073799D /* ProjectViewController.swift */,
				1C569FF61E7A138C00A9FAD4 /* PlotViewController.swift */,
				1C0BFEE51E7A75A200408A28 /* Popover Controllers */,
			);
			name = ViewControllers;
			sourceTree = "<group>";
		};
		1C7E71331E78CA390073799D = {
			isa = PBXGroup;
			children = (
				1C7E713E1E78CA390073799D /* SpectroApp_V1 */,
				1C7E71561E78CA390073799D /* SpectroApp_V1Tests */,
				1C7E71611E78CA390073799D /* SpectroApp_V1UITests */,
				1C7E713D1E78CA390073799D /* Products */,
			);
			sourceTree = "<group>";
		};
		1C7E713D1E78CA390073799D /* Products */ = {
			isa = PBXGroup;
			children = (
				1C7E713C1E78CA390073799D /* SpectroApp_V1.app */,
				1C7E71531E78CA390073799D /* SpectroApp_V1Tests.xctest */,
				1C7E715E1E78CA390073799D /* SpectroApp_V1UITests.xctest */,
			);
			name = Products;
			sourceTree = "<group>";
		};
		1C7E713E1E78CA390073799D /* SpectroApp_V1 */ = {
			isa = PBXGroup;
			children = (
				1C7E71801E78E6C10073799D /* Model */,
				1C7E717F1E78E69F0073799D /* Controllers */,
				1C7E717D1E78E6760073799D /* Views */,
			);
			path = SpectroApp_V1;
			sourceTree = "<group>";
		};
		1C7E71561E78CA390073799D /* SpectroApp_V1Tests */ = {
			isa = PBXGroup;
			children = (
				1C7E71571E78CA390073799D /* SpectroApp_V1Tests.swift */,
				1C7E71591E78CA390073799D /* Info.plist */,
			);
			path = SpectroApp_V1Tests;
			sourceTree = "<group>";
		};
		1C7E71611E78CA390073799D /* SpectroApp_V1UITests */ = {
			isa = PBXGroup;
			children = (
				1C7E71621E78CA390073799D /* SpectroApp_V1UITests.swift */,
				1C7E71641E78CA390073799D /* Info.plist */,
			);
			path = SpectroApp_V1UITests;
			sourceTree = "<group>";
		};
		1C7E717C1E78E64D0073799D /* Data Cells */ = {
			isa = PBXGroup;
			children = (
				1C7E717A1E78E63D0073799D /* DataTableViewCell.swift */,
				D58B475B1E9D8002007145FB /* DataDetailTableViewCell.swift */,
				D58B475F1E9D9B2A007145FB /* DataHeaderTableViewCell.swift */,
				1C7E71781E78E5C30073799D /* DensityDataTableViewCell.swift */,
				1C7E71761E78E5AC0073799D /* ProteinDataTableViewCell.swift */,
				1C7E71741E78E58E0073799D /* NucDataTableViewCell.swift */,
			);
			name = "Data Cells";
			sourceTree = "<group>";
		};
		1C7E717D1E78E6760073799D /* Views */ = {
			isa = PBXGroup;
			children = (
				1C19446A1E7B7D9C002FB321 /* InstrumentStatusView.swift */,
				1CBE94EA1E80D6CF00F3C8F3 /* ExperimentHeaderView.swift */,
				1C7E71811E78E7270073799D /* Cells */,
				1C7E717E1E78E6890073799D /* Storyboards */,
			);
			name = Views;
			sourceTree = "<group>";
		};
		1C7E717E1E78E6890073799D /* Storyboards */ = {
			isa = PBXGroup;
			children = (
				1C7E71431E78CA390073799D /* Main.storyboard */,
				1C7E714B1E78CA390073799D /* LaunchScreen.storyboard */,
			);
			name = Storyboards;
			sourceTree = "<group>";
		};
		1C7E717F1E78E69F0073799D /* Controllers */ = {
			isa = PBXGroup;
			children = (
				1C7E713F1E78CA390073799D /* AppDelegate.swift */,
				1C569FF51E79AA7600A9FAD4 /* ViewControllers */,
			);
			name = Controllers;
			sourceTree = "<group>";
		};
		1C7E71801E78E6C10073799D /* Model */ = {
			isa = PBXGroup;
			children = (
				1CBE94301E7CF74B00F3C8F3 /* SwiftyJSON.swift */,
				1C3896AB1E8EF9BF004E9CD6 /* Plot.swift */,
				1C3175C21E96F61F008E4DFB /* InstrumentTimeConverter.swift */,
				1CBE942F1E7CC65A00F3C8F3 /* Absorbance Data */,
				1C1944671E7B42D0002FB321 /* Bluetooth */,
				1C7E71461E78CA390073799D /* SpectroApp_V1.xcdatamodeld */,
				1C7E714E1E78CA390073799D /* Info.plist */,
				1C7E71491E78CA390073799D /* Assets.xcassets */,
			);
			name = Model;
			sourceTree = "<group>";
		};
		1C7E71811E78E7270073799D /* Cells */ = {
			isa = PBXGroup;
			children = (
				D58B47631E9D9D8D007145FB /* Project Cells */,
				1C7E717C1E78E64D0073799D /* Data Cells */,
			);
			name = Cells;
			sourceTree = "<group>";
		};
		1CBE942F1E7CC65A00F3C8F3 /* Absorbance Data */ = {
			isa = PBXGroup;
			children = (
				1C7E718A1E7904120073799D /* AbsorbanceFunctions.swift */,
				1C67FFB61E9C213E00B6194E /* Wavelength.swift */,
				1C67FFB81E9C215300B6194E /* ReadingType.swift */,
				1C67FFBA1E9C215E00B6194E /* ExperimentType.swift */,
				1C7E71841E78F7600073799D /* Project.swift */,
				1C7E71861E79035E0073799D /* Reading.swift */,
				1C7E71881E7903790073799D /* DataPoint.swift */,
				1C3175C41E9BF67D008E4DFB /* TestData.swift */,
				1C005FD01E871917003539F1 /* InstrumentDataPoint.swift */,
			);
			name = "Absorbance Data";
			sourceTree = "<group>";
		};
		D58B47631E9D9D8D007145FB /* Project Cells */ = {
			isa = PBXGroup;
			children = (
				1C7E71701E78D6C80073799D /* ProjectPopoverTableViewCell.swift */,
			);
			name = "Project Cells";
			sourceTree = "<group>";
		};
/* End PBXGroup section */

/* Begin PBXNativeTarget section */
		1C7E713B1E78CA390073799D /* SpectroApp_V1 */ = {
			isa = PBXNativeTarget;
			buildConfigurationList = 1C7E71671E78CA390073799D /* Build configuration list for PBXNativeTarget "SpectroApp_V1" */;
			buildPhases = (
				1C7E71381E78CA390073799D /* Sources */,
				1C7E71391E78CA390073799D /* Frameworks */,
				1C7E713A1E78CA390073799D /* Resources */,
			);
			buildRules = (
			);
			dependencies = (
			);
			name = SpectroApp_V1;
			productName = SpectroApp_V1;
			productReference = 1C7E713C1E78CA390073799D /* SpectroApp_V1.app */;
			productType = "com.apple.product-type.application";
		};
		1C7E71521E78CA390073799D /* SpectroApp_V1Tests */ = {
			isa = PBXNativeTarget;
			buildConfigurationList = 1C7E716A1E78CA390073799D /* Build configuration list for PBXNativeTarget "SpectroApp_V1Tests" */;
			buildPhases = (
				1C7E714F1E78CA390073799D /* Sources */,
				1C7E71501E78CA390073799D /* Frameworks */,
				1C7E71511E78CA390073799D /* Resources */,
			);
			buildRules = (
			);
			dependencies = (
				1C7E71551E78CA390073799D /* PBXTargetDependency */,
			);
			name = SpectroApp_V1Tests;
			productName = SpectroApp_V1Tests;
			productReference = 1C7E71531E78CA390073799D /* SpectroApp_V1Tests.xctest */;
			productType = "com.apple.product-type.bundle.unit-test";
		};
		1C7E715D1E78CA390073799D /* SpectroApp_V1UITests */ = {
			isa = PBXNativeTarget;
			buildConfigurationList = 1C7E716D1E78CA390073799D /* Build configuration list for PBXNativeTarget "SpectroApp_V1UITests" */;
			buildPhases = (
				1C7E715A1E78CA390073799D /* Sources */,
				1C7E715B1E78CA390073799D /* Frameworks */,
				1C7E715C1E78CA390073799D /* Resources */,
			);
			buildRules = (
			);
			dependencies = (
				1C7E71601E78CA390073799D /* PBXTargetDependency */,
			);
			name = SpectroApp_V1UITests;
			productName = SpectroApp_V1UITests;
			productReference = 1C7E715E1E78CA390073799D /* SpectroApp_V1UITests.xctest */;
			productType = "com.apple.product-type.bundle.ui-testing";
		};
/* End PBXNativeTarget section */

/* Begin PBXProject section */
		1C7E71341E78CA390073799D /* Project object */ = {
			isa = PBXProject;
			attributes = {
				LastSwiftUpdateCheck = 0820;
				LastUpgradeCheck = 0820;
				ORGANIZATIONNAME = CorbanSwain;
				TargetAttributes = {
					1C7E713B1E78CA390073799D = {
						CreatedOnToolsVersion = 8.2.1;
						DevelopmentTeam = 6934B89794;
						ProvisioningStyle = Automatic;
					};
					1C7E71521E78CA390073799D = {
						CreatedOnToolsVersion = 8.2.1;
						DevelopmentTeam = 6934B89794;
						ProvisioningStyle = Automatic;
						TestTargetID = 1C7E713B1E78CA390073799D;
					};
					1C7E715D1E78CA390073799D = {
						CreatedOnToolsVersion = 8.2.1;
						DevelopmentTeam = 6934B89794;
						ProvisioningStyle = Automatic;
						TestTargetID = 1C7E713B1E78CA390073799D;
					};
				};
			};
			buildConfigurationList = 1C7E71371E78CA390073799D /* Build configuration list for PBXProject "SpectroApp_V1" */;
			compatibilityVersion = "Xcode 3.2";
			developmentRegion = English;
			hasScannedForEncodings = 0;
			knownRegions = (
				en,
				Base,
			);
			mainGroup = 1C7E71331E78CA390073799D;
			productRefGroup = 1C7E713D1E78CA390073799D /* Products */;
			projectDirPath = "";
			projectRoot = "";
			targets = (
				1C7E713B1E78CA390073799D /* SpectroApp_V1 */,
				1C7E71521E78CA390073799D /* SpectroApp_V1Tests */,
				1C7E715D1E78CA390073799D /* SpectroApp_V1UITests */,
			);
		};
/* End PBXProject section */

/* Begin PBXResourcesBuildPhase section */
		1C7E713A1E78CA390073799D /* Resources */ = {
			isa = PBXResourcesBuildPhase;
			buildActionMask = 2147483647;
			files = (
				1C7E714D1E78CA390073799D /* LaunchScreen.storyboard in Resources */,
				1C7E714A1E78CA390073799D /* Assets.xcassets in Resources */,
				1C7E71451E78CA390073799D /* Main.storyboard in Resources */,
			);
			runOnlyForDeploymentPostprocessing = 0;
		};
		1C7E71511E78CA390073799D /* Resources */ = {
			isa = PBXResourcesBuildPhase;
			buildActionMask = 2147483647;
			files = (
			);
			runOnlyForDeploymentPostprocessing = 0;
		};
		1C7E715C1E78CA390073799D /* Resources */ = {
			isa = PBXResourcesBuildPhase;
			buildActionMask = 2147483647;
			files = (
			);
			runOnlyForDeploymentPostprocessing = 0;
		};
/* End PBXResourcesBuildPhase section */

/* Begin PBXSourcesBuildPhase section */
		1C7E71381E78CA390073799D /* Sources */ = {
			isa = PBXSourcesBuildPhase;
			buildActionMask = 2147483647;
			files = (
				1C7E71891E7903790073799D /* DataPoint.swift in Sources */,
				1CC097B91E857BBE00655A90 /* CBDataParser.swift in Sources */,
				1C67FFBB1E9C215E00B6194E /* ExperimentType.swift in Sources */,
				1C7E71751E78E58E0073799D /* NucDataTableViewCell.swift in Sources */,
				1C3175C51E9BF67D008E4DFB /* TestData.swift in Sources */,
				1CBE94EB1E80D6CF00F3C8F3 /* ExperimentHeaderView.swift in Sources */,
				D58B47581E9D78E1007145FB /* DataMasterViewController.swift in Sources */,
				1CBE94ED1E8126F200F3C8F3 /* MasterNavigationBar.swift in Sources */,
				1C7E718B1E7904120073799D /* AbsorbanceFunctions.swift in Sources */,
				1C67FFB71E9C213E00B6194E /* Wavelength.swift in Sources */,
				1C67FFB91E9C215300B6194E /* ReadingType.swift in Sources */,
				1C0BFEE41E7A759900408A28 /* InstrumentConnectionViewController.swift in Sources */,
				D58B475C1E9D8002007145FB /* DataDetailTableViewCell.swift in Sources */,
				1C7E71771E78E5AC0073799D /* ProteinDataTableViewCell.swift in Sources */,
				1C19446B1E7B7D9D002FB321 /* InstrumentStatusView.swift in Sources */,
				1C569FF71E7A138C00A9FAD4 /* PlotViewController.swift in Sources */,
				D58B475A1E9D7915007145FB /* DataDetailViewController.swift in Sources */,
				1C7E71871E79035E0073799D /* Reading.swift in Sources */,
				1CBE94311E7CF74B00F3C8F3 /* SwiftyJSON.swift in Sources */,
				1C7E71731E78D6F50073799D /* ProjectViewController.swift in Sources */,
				1C7E71421E78CA390073799D /* MasterViewController.swift in Sources */,
				D58B47601E9D9B2A007145FB /* DataHeaderTableViewCell.swift in Sources */,
				1C3175C31E96F61F008E4DFB /* InstrumentTimeConverter.swift in Sources */,
				1C569FF41E79AA5E00A9FAD4 /* DataViewController.swift in Sources */,
				1C0BFEE91E7A77BA00408A28 /* AddPopoverViewController.swift in Sources */,
				1C7E717B1E78E63D0073799D /* DataTableViewCell.swift in Sources */,
				1C1944661E7B02DC002FB321 /* ExportPopoverViewController.swift in Sources */,
				1C7E71401E78CA390073799D /* AppDelegate.swift in Sources */,
				1C7E71851E78F7600073799D /* Project.swift in Sources */,
				1C7E71481E78CA390073799D /* SpectroApp_V1.xcdatamodeld in Sources */,
				1C7E71791E78E5C30073799D /* DensityDataTableViewCell.swift in Sources */,
				1CBE942E1E7BDB3E00F3C8F3 /* PopoverViewController.swift in Sources */,
				1C0BFEE71E7A77A400408A28 /* ProjectsPopoverViewController.swift in Sources */,
				1C3896AC1E8EF9BF004E9CD6 /* Plot.swift in Sources */,
				1C7E71711E78D6C80073799D /* ProjectPopoverTableViewCell.swift in Sources */,
				1C005FD11E871917003539F1 /* InstrumentDataPoint.swift in Sources */,
				1C1944691E7B42EA002FB321 /* CBInstrumentCentralManager.swift in Sources */,
			);
			runOnlyForDeploymentPostprocessing = 0;
		};
		1C7E714F1E78CA390073799D /* Sources */ = {
			isa = PBXSourcesBuildPhase;
			buildActionMask = 2147483647;
			files = (
				1C7E71581E78CA390073799D /* SpectroApp_V1Tests.swift in Sources */,
			);
			runOnlyForDeploymentPostprocessing = 0;
		};
		1C7E715A1E78CA390073799D /* Sources */ = {
			isa = PBXSourcesBuildPhase;
			buildActionMask = 2147483647;
			files = (
				1C7E71631E78CA390073799D /* SpectroApp_V1UITests.swift in Sources */,
			);
			runOnlyForDeploymentPostprocessing = 0;
		};
/* End PBXSourcesBuildPhase section */

/* Begin PBXTargetDependency section */
		1C7E71551E78CA390073799D /* PBXTargetDependency */ = {
			isa = PBXTargetDependency;
			target = 1C7E713B1E78CA390073799D /* SpectroApp_V1 */;
			targetProxy = 1C7E71541E78CA390073799D /* PBXContainerItemProxy */;
		};
		1C7E71601E78CA390073799D /* PBXTargetDependency */ = {
			isa = PBXTargetDependency;
			target = 1C7E713B1E78CA390073799D /* SpectroApp_V1 */;
			targetProxy = 1C7E715F1E78CA390073799D /* PBXContainerItemProxy */;
		};
/* End PBXTargetDependency section */

/* Begin PBXVariantGroup section */
		1C7E71431E78CA390073799D /* Main.storyboard */ = {
			isa = PBXVariantGroup;
			children = (
				1C7E71441E78CA390073799D /* Base */,
			);
			name = Main.storyboard;
			sourceTree = "<group>";
		};
		1C7E714B1E78CA390073799D /* LaunchScreen.storyboard */ = {
			isa = PBXVariantGroup;
			children = (
				1C7E714C1E78CA390073799D /* Base */,
			);
			name = LaunchScreen.storyboard;
			sourceTree = "<group>";
		};
/* End PBXVariantGroup section */

/* Begin XCBuildConfiguration section */
		1C7E71651E78CA390073799D /* Debug */ = {
			isa = XCBuildConfiguration;
			buildSettings = {
				ALWAYS_SEARCH_USER_PATHS = NO;
				CLANG_ANALYZER_NONNULL = YES;
				CLANG_CXX_LANGUAGE_STANDARD = "gnu++0x";
				CLANG_CXX_LIBRARY = "libc++";
				CLANG_ENABLE_MODULES = YES;
				CLANG_ENABLE_OBJC_ARC = YES;
				CLANG_WARN_BOOL_CONVERSION = YES;
				CLANG_WARN_CONSTANT_CONVERSION = YES;
				CLANG_WARN_DIRECT_OBJC_ISA_USAGE = YES_ERROR;
				CLANG_WARN_DOCUMENTATION_COMMENTS = YES;
				CLANG_WARN_EMPTY_BODY = YES;
				CLANG_WARN_ENUM_CONVERSION = YES;
				CLANG_WARN_INFINITE_RECURSION = YES;
				CLANG_WARN_INT_CONVERSION = YES;
				CLANG_WARN_OBJC_ROOT_CLASS = YES_ERROR;
				CLANG_WARN_SUSPICIOUS_MOVE = YES;
				CLANG_WARN_UNREACHABLE_CODE = YES;
				CLANG_WARN__DUPLICATE_METHOD_MATCH = YES;
				"CODE_SIGN_IDENTITY[sdk=iphoneos*]" = "iPhone Developer";
				COPY_PHASE_STRIP = NO;
				DEBUG_INFORMATION_FORMAT = dwarf;
				ENABLE_STRICT_OBJC_MSGSEND = YES;
				ENABLE_TESTABILITY = YES;
				GCC_C_LANGUAGE_STANDARD = gnu99;
				GCC_DYNAMIC_NO_PIC = NO;
				GCC_NO_COMMON_BLOCKS = YES;
				GCC_OPTIMIZATION_LEVEL = 0;
				GCC_PREPROCESSOR_DEFINITIONS = (
					"DEBUG=1",
					"$(inherited)",
				);
				GCC_WARN_64_TO_32_BIT_CONVERSION = YES;
				GCC_WARN_ABOUT_RETURN_TYPE = YES_ERROR;
				GCC_WARN_UNDECLARED_SELECTOR = YES;
				GCC_WARN_UNINITIALIZED_AUTOS = YES_AGGRESSIVE;
				GCC_WARN_UNUSED_FUNCTION = YES;
				GCC_WARN_UNUSED_VARIABLE = YES;
				IPHONEOS_DEPLOYMENT_TARGET = 10.2;
				MTL_ENABLE_DEBUG_INFO = YES;
				ONLY_ACTIVE_ARCH = YES;
				SDKROOT = iphoneos;
				SWIFT_ACTIVE_COMPILATION_CONDITIONS = DEBUG;
				SWIFT_OPTIMIZATION_LEVEL = "-Onone";
				TARGETED_DEVICE_FAMILY = "1,2";
			};
			name = Debug;
		};
		1C7E71661E78CA390073799D /* Release */ = {
			isa = XCBuildConfiguration;
			buildSettings = {
				ALWAYS_SEARCH_USER_PATHS = NO;
				CLANG_ANALYZER_NONNULL = YES;
				CLANG_CXX_LANGUAGE_STANDARD = "gnu++0x";
				CLANG_CXX_LIBRARY = "libc++";
				CLANG_ENABLE_MODULES = YES;
				CLANG_ENABLE_OBJC_ARC = YES;
				CLANG_WARN_BOOL_CONVERSION = YES;
				CLANG_WARN_CONSTANT_CONVERSION = YES;
				CLANG_WARN_DIRECT_OBJC_ISA_USAGE = YES_ERROR;
				CLANG_WARN_DOCUMENTATION_COMMENTS = YES;
				CLANG_WARN_EMPTY_BODY = YES;
				CLANG_WARN_ENUM_CONVERSION = YES;
				CLANG_WARN_INFINITE_RECURSION = YES;
				CLANG_WARN_INT_CONVERSION = YES;
				CLANG_WARN_OBJC_ROOT_CLASS = YES_ERROR;
				CLANG_WARN_SUSPICIOUS_MOVE = YES;
				CLANG_WARN_UNREACHABLE_CODE = YES;
				CLANG_WARN__DUPLICATE_METHOD_MATCH = YES;
				"CODE_SIGN_IDENTITY[sdk=iphoneos*]" = "iPhone Developer";
				COPY_PHASE_STRIP = NO;
				DEBUG_INFORMATION_FORMAT = "dwarf-with-dsym";
				ENABLE_NS_ASSERTIONS = NO;
				ENABLE_STRICT_OBJC_MSGSEND = YES;
				GCC_C_LANGUAGE_STANDARD = gnu99;
				GCC_NO_COMMON_BLOCKS = YES;
				GCC_WARN_64_TO_32_BIT_CONVERSION = YES;
				GCC_WARN_ABOUT_RETURN_TYPE = YES_ERROR;
				GCC_WARN_UNDECLARED_SELECTOR = YES;
				GCC_WARN_UNINITIALIZED_AUTOS = YES_AGGRESSIVE;
				GCC_WARN_UNUSED_FUNCTION = YES;
				GCC_WARN_UNUSED_VARIABLE = YES;
				IPHONEOS_DEPLOYMENT_TARGET = 10.2;
				MTL_ENABLE_DEBUG_INFO = NO;
				SDKROOT = iphoneos;
				SWIFT_OPTIMIZATION_LEVEL = "-Owholemodule";
				TARGETED_DEVICE_FAMILY = "1,2";
				VALIDATE_PRODUCT = YES;
			};
			name = Release;
		};
		1C7E71681E78CA390073799D /* Debug */ = {
			isa = XCBuildConfiguration;
			buildSettings = {
				ASSETCATALOG_COMPILER_APPICON_NAME = AppIcon;
				DEVELOPMENT_TEAM = 6934B89794;
				INFOPLIST_FILE = SpectroApp_V1/Info.plist;
				LD_RUNPATH_SEARCH_PATHS = "$(inherited) @executable_path/Frameworks";
				PRODUCT_BUNDLE_IDENTIFIER = "CorbanSwain.SpectroApp-V1";
				PRODUCT_NAME = "$(TARGET_NAME)";
				SWIFT_VERSION = 3.0;
				TARGETED_DEVICE_FAMILY = 2;
			};
			name = Debug;
		};
		1C7E71691E78CA390073799D /* Release */ = {
			isa = XCBuildConfiguration;
			buildSettings = {
				ASSETCATALOG_COMPILER_APPICON_NAME = AppIcon;
				DEVELOPMENT_TEAM = 6934B89794;
				INFOPLIST_FILE = SpectroApp_V1/Info.plist;
				LD_RUNPATH_SEARCH_PATHS = "$(inherited) @executable_path/Frameworks";
				PRODUCT_BUNDLE_IDENTIFIER = "CorbanSwain.SpectroApp-V1";
				PRODUCT_NAME = "$(TARGET_NAME)";
				SWIFT_VERSION = 3.0;
				TARGETED_DEVICE_FAMILY = 2;
			};
			name = Release;
		};
		1C7E716B1E78CA390073799D /* Debug */ = {
			isa = XCBuildConfiguration;
			buildSettings = {
				ALWAYS_EMBED_SWIFT_STANDARD_LIBRARIES = YES;
				BUNDLE_LOADER = "$(TEST_HOST)";
				DEVELOPMENT_TEAM = 6934B89794;
				INFOPLIST_FILE = SpectroApp_V1Tests/Info.plist;
				LD_RUNPATH_SEARCH_PATHS = "$(inherited) @executable_path/Frameworks @loader_path/Frameworks";
				PRODUCT_BUNDLE_IDENTIFIER = "CorbanSwain.SpectroApp-V1Tests";
				PRODUCT_NAME = "$(TARGET_NAME)";
				SWIFT_VERSION = 3.0;
				TEST_HOST = "$(BUILT_PRODUCTS_DIR)/SpectroApp_V1.app/SpectroApp_V1";
			};
			name = Debug;
		};
		1C7E716C1E78CA390073799D /* Release */ = {
			isa = XCBuildConfiguration;
			buildSettings = {
				ALWAYS_EMBED_SWIFT_STANDARD_LIBRARIES = YES;
				BUNDLE_LOADER = "$(TEST_HOST)";
				DEVELOPMENT_TEAM = 6934B89794;
				INFOPLIST_FILE = SpectroApp_V1Tests/Info.plist;
				LD_RUNPATH_SEARCH_PATHS = "$(inherited) @executable_path/Frameworks @loader_path/Frameworks";
				PRODUCT_BUNDLE_IDENTIFIER = "CorbanSwain.SpectroApp-V1Tests";
				PRODUCT_NAME = "$(TARGET_NAME)";
				SWIFT_VERSION = 3.0;
				TEST_HOST = "$(BUILT_PRODUCTS_DIR)/SpectroApp_V1.app/SpectroApp_V1";
			};
			name = Release;
		};
		1C7E716E1E78CA390073799D /* Debug */ = {
			isa = XCBuildConfiguration;
			buildSettings = {
				ALWAYS_EMBED_SWIFT_STANDARD_LIBRARIES = YES;
				DEVELOPMENT_TEAM = 6934B89794;
				INFOPLIST_FILE = SpectroApp_V1UITests/Info.plist;
				LD_RUNPATH_SEARCH_PATHS = "$(inherited) @executable_path/Frameworks @loader_path/Frameworks";
				PRODUCT_BUNDLE_IDENTIFIER = "CorbanSwain.SpectroApp-V1UITests";
				PRODUCT_NAME = "$(TARGET_NAME)";
				SWIFT_VERSION = 3.0;
				TEST_TARGET_NAME = SpectroApp_V1;
			};
			name = Debug;
		};
		1C7E716F1E78CA390073799D /* Release */ = {
			isa = XCBuildConfiguration;
			buildSettings = {
				ALWAYS_EMBED_SWIFT_STANDARD_LIBRARIES = YES;
				DEVELOPMENT_TEAM = 6934B89794;
				INFOPLIST_FILE = SpectroApp_V1UITests/Info.plist;
				LD_RUNPATH_SEARCH_PATHS = "$(inherited) @executable_path/Frameworks @loader_path/Frameworks";
				PRODUCT_BUNDLE_IDENTIFIER = "CorbanSwain.SpectroApp-V1UITests";
				PRODUCT_NAME = "$(TARGET_NAME)";
				SWIFT_VERSION = 3.0;
				TEST_TARGET_NAME = SpectroApp_V1;
			};
			name = Release;
		};
/* End XCBuildConfiguration section */

/* Begin XCConfigurationList section */
		1C7E71371E78CA390073799D /* Build configuration list for PBXProject "SpectroApp_V1" */ = {
			isa = XCConfigurationList;
			buildConfigurations = (
				1C7E71651E78CA390073799D /* Debug */,
				1C7E71661E78CA390073799D /* Release */,
			);
			defaultConfigurationIsVisible = 0;
			defaultConfigurationName = Release;
		};
		1C7E71671E78CA390073799D /* Build configuration list for PBXNativeTarget "SpectroApp_V1" */ = {
			isa = XCConfigurationList;
			buildConfigurations = (
				1C7E71681E78CA390073799D /* Debug */,
				1C7E71691E78CA390073799D /* Release */,
			);
			defaultConfigurationIsVisible = 0;
			defaultConfigurationName = Release;
		};
		1C7E716A1E78CA390073799D /* Build configuration list for PBXNativeTarget "SpectroApp_V1Tests" */ = {
			isa = XCConfigurationList;
			buildConfigurations = (
				1C7E716B1E78CA390073799D /* Debug */,
				1C7E716C1E78CA390073799D /* Release */,
			);
			defaultConfigurationIsVisible = 0;
			defaultConfigurationName = Release;
		};
		1C7E716D1E78CA390073799D /* Build configuration list for PBXNativeTarget "SpectroApp_V1UITests" */ = {
			isa = XCConfigurationList;
			buildConfigurations = (
				1C7E716E1E78CA390073799D /* Debug */,
				1C7E716F1E78CA390073799D /* Release */,
			);
			defaultConfigurationIsVisible = 0;
			defaultConfigurationName = Release;
		};
/* End XCConfigurationList section */

/* Begin XCVersionGroup section */
		1C7E71461E78CA390073799D /* SpectroApp_V1.xcdatamodeld */ = {
			isa = XCVersionGroup;
			children = (
				1C7E71471E78CA390073799D /* SpectroApp_V1.xcdatamodel */,
			);
			currentVersion = 1C7E71471E78CA390073799D /* SpectroApp_V1.xcdatamodel */;
			path = SpectroApp_V1.xcdatamodeld;
			sourceTree = "<group>";
			versionGroupType = wrapper.xcdatamodel;
		};
/* End XCVersionGroup section */
	};
	rootObject = 1C7E71341E78CA390073799D /* Project object */;
}
